// !$*UTF8*$!
{
	archiveVersion = 1;
	classes = {
	};
	objectVersion = 46;
	objects = {

/* Begin PBXBuildFile section */
		1FFB5BF02A18BC532538C94D /* Pods_DocuSignChallenge.framework in Frameworks */ = {isa = PBXBuildFile; fileRef = 68F2CEA324A74D8EE438EC48 /* Pods_DocuSignChallenge.framework */; };
		258442F4C3B5E3186C2A74F7 /* Pods_DocuSignChallengeTests.framework in Frameworks */ = {isa = PBXBuildFile; fileRef = 46D688C0666EA2D2F85EBBF6 /* Pods_DocuSignChallengeTests.framework */; };
		D248355F2013D4DA001AA1F6 /* AppDelegate.swift in Sources */ = {isa = PBXBuildFile; fileRef = D248355E2013D4DA001AA1F6 /* AppDelegate.swift */; };
		D24835642013D4DA001AA1F6 /* Main.storyboard in Resources */ = {isa = PBXBuildFile; fileRef = D24835622013D4DA001AA1F6 /* Main.storyboard */; };
		D24835672013D4DA001AA1F6 /* DocuSignChallenge.xcdatamodeld in Sources */ = {isa = PBXBuildFile; fileRef = D24835652013D4DA001AA1F6 /* DocuSignChallenge.xcdatamodeld */; };
		D24835692013D4DA001AA1F6 /* Assets.xcassets in Resources */ = {isa = PBXBuildFile; fileRef = D24835682013D4DA001AA1F6 /* Assets.xcassets */; };
		D248356C2013D4DA001AA1F6 /* LaunchScreen.storyboard in Resources */ = {isa = PBXBuildFile; fileRef = D248356A2013D4DA001AA1F6 /* LaunchScreen.storyboard */; };
		D24835772013D4DA001AA1F6 /* DocuSignChallengeTests.swift in Sources */ = {isa = PBXBuildFile; fileRef = D24835762013D4DA001AA1F6 /* DocuSignChallengeTests.swift */; };
		D24835822013D4DA001AA1F6 /* DocuSignChallengeUITests.swift in Sources */ = {isa = PBXBuildFile; fileRef = D24835812013D4DA001AA1F6 /* DocuSignChallengeUITests.swift */; };
		D24835902013D74F001AA1F6 /* HomeViewController.swift in Sources */ = {isa = PBXBuildFile; fileRef = D248358F2013D74F001AA1F6 /* HomeViewController.swift */; };
		D24835922013D75C001AA1F6 /* HomeViewController.storyboard in Resources */ = {isa = PBXBuildFile; fileRef = D24835912013D75C001AA1F6 /* HomeViewController.storyboard */; };
		D24835972013DAA0001AA1F6 /* WeaterForecastTableViewCell.swift in Sources */ = {isa = PBXBuildFile; fileRef = D24835952013DAA0001AA1F6 /* WeaterForecastTableViewCell.swift */; };
		D24835982013DAA0001AA1F6 /* WeaterForecastTableViewCell.xib in Resources */ = {isa = PBXBuildFile; fileRef = D24835962013DAA0001AA1F6 /* WeaterForecastTableViewCell.xib */; };
		D248359A2013DC45001AA1F6 /* WeatherForecastTableViewController.swift in Sources */ = {isa = PBXBuildFile; fileRef = D24835992013DC45001AA1F6 /* WeatherForecastTableViewController.swift */; };
		D248359C2013DD83001AA1F6 /* WeatherForecastModel.swift in Sources */ = {isa = PBXBuildFile; fileRef = D248359B2013DD83001AA1F6 /* WeatherForecastModel.swift */; };
		D248359E20143E07001AA1F6 /* WeatherForecastTableViewController.storyboard in Resources */ = {isa = PBXBuildFile; fileRef = D248359D20143E07001AA1F6 /* WeatherForecastTableViewController.storyboard */; };
		F590E1E007CACE950B61335A /* Pods_DocuSignChallengeUITests.framework in Frameworks */ = {isa = PBXBuildFile; fileRef = 9BAE0D107DC492F3CD27DA79 /* Pods_DocuSignChallengeUITests.framework */; };
/* End PBXBuildFile section */

/* Begin PBXContainerItemProxy section */
		D24835732013D4DA001AA1F6 /* PBXContainerItemProxy */ = {
			isa = PBXContainerItemProxy;
			containerPortal = D24835532013D4DA001AA1F6 /* Project object */;
			proxyType = 1;
			remoteGlobalIDString = D248355A2013D4DA001AA1F6;
			remoteInfo = DocuSignChallenge;
		};
		D248357E2013D4DA001AA1F6 /* PBXContainerItemProxy */ = {
			isa = PBXContainerItemProxy;
			containerPortal = D24835532013D4DA001AA1F6 /* Project object */;
			proxyType = 1;
			remoteGlobalIDString = D248355A2013D4DA001AA1F6;
			remoteInfo = DocuSignChallenge;
		};
/* End PBXContainerItemProxy section */

/* Begin PBXFileReference section */
		46D688C0666EA2D2F85EBBF6 /* Pods_DocuSignChallengeTests.framework */ = {isa = PBXFileReference; explicitFileType = wrapper.framework; includeInIndex = 0; path = Pods_DocuSignChallengeTests.framework; sourceTree = BUILT_PRODUCTS_DIR; };
		68F2CEA324A74D8EE438EC48 /* Pods_DocuSignChallenge.framework */ = {isa = PBXFileReference; explicitFileType = wrapper.framework; includeInIndex = 0; path = Pods_DocuSignChallenge.framework; sourceTree = BUILT_PRODUCTS_DIR; };
		7EDFCF3A94C18D686C079DDB /* Pods-DocuSignChallengeTests.release.xcconfig */ = {isa = PBXFileReference; includeInIndex = 1; lastKnownFileType = text.xcconfig; name = "Pods-DocuSignChallengeTests.release.xcconfig"; path = "Pods/Target Support Files/Pods-DocuSignChallengeTests/Pods-DocuSignChallengeTests.release.xcconfig"; sourceTree = "<group>"; };
		8AAF112466AC1CBDA9F8E362 /* Pods-DocuSignChallengeTests.debug.xcconfig */ = {isa = PBXFileReference; includeInIndex = 1; lastKnownFileType = text.xcconfig; name = "Pods-DocuSignChallengeTests.debug.xcconfig"; path = "Pods/Target Support Files/Pods-DocuSignChallengeTests/Pods-DocuSignChallengeTests.debug.xcconfig"; sourceTree = "<group>"; };
		9665A5C55D87F4410D89E299 /* Pods-DocuSignChallenge.debug.xcconfig */ = {isa = PBXFileReference; includeInIndex = 1; lastKnownFileType = text.xcconfig; name = "Pods-DocuSignChallenge.debug.xcconfig"; path = "Pods/Target Support Files/Pods-DocuSignChallenge/Pods-DocuSignChallenge.debug.xcconfig"; sourceTree = "<group>"; };
		9BAE0D107DC492F3CD27DA79 /* Pods_DocuSignChallengeUITests.framework */ = {isa = PBXFileReference; explicitFileType = wrapper.framework; includeInIndex = 0; path = Pods_DocuSignChallengeUITests.framework; sourceTree = BUILT_PRODUCTS_DIR; };
		B7DB51AB3C6A1738DC35EE58 /* Pods-DocuSignChallengeUITests.debug.xcconfig */ = {isa = PBXFileReference; includeInIndex = 1; lastKnownFileType = text.xcconfig; name = "Pods-DocuSignChallengeUITests.debug.xcconfig"; path = "Pods/Target Support Files/Pods-DocuSignChallengeUITests/Pods-DocuSignChallengeUITests.debug.xcconfig"; sourceTree = "<group>"; };
		C910EC1E309B2507608B9091 /* Pods-DocuSignChallengeUITests.release.xcconfig */ = {isa = PBXFileReference; includeInIndex = 1; lastKnownFileType = text.xcconfig; name = "Pods-DocuSignChallengeUITests.release.xcconfig"; path = "Pods/Target Support Files/Pods-DocuSignChallengeUITests/Pods-DocuSignChallengeUITests.release.xcconfig"; sourceTree = "<group>"; };
		CF988E1127AD00D18E4B2B7C /* Pods-DocuSignChallenge.release.xcconfig */ = {isa = PBXFileReference; includeInIndex = 1; lastKnownFileType = text.xcconfig; name = "Pods-DocuSignChallenge.release.xcconfig"; path = "Pods/Target Support Files/Pods-DocuSignChallenge/Pods-DocuSignChallenge.release.xcconfig"; sourceTree = "<group>"; };
		D248355B2013D4DA001AA1F6 /* DocuSignChallenge.app */ = {isa = PBXFileReference; explicitFileType = wrapper.application; includeInIndex = 0; path = DocuSignChallenge.app; sourceTree = BUILT_PRODUCTS_DIR; };
		D248355E2013D4DA001AA1F6 /* AppDelegate.swift */ = {isa = PBXFileReference; lastKnownFileType = sourcecode.swift; path = AppDelegate.swift; sourceTree = "<group>"; };
		D24835632013D4DA001AA1F6 /* Base */ = {isa = PBXFileReference; lastKnownFileType = file.storyboard; name = Base; path = Base.lproj/Main.storyboard; sourceTree = "<group>"; };
		D24835662013D4DA001AA1F6 /* DocuSignChallenge.xcdatamodel */ = {isa = PBXFileReference; lastKnownFileType = wrapper.xcdatamodel; path = DocuSignChallenge.xcdatamodel; sourceTree = "<group>"; };
		D24835682013D4DA001AA1F6 /* Assets.xcassets */ = {isa = PBXFileReference; lastKnownFileType = folder.assetcatalog; path = Assets.xcassets; sourceTree = "<group>"; };
		D248356B2013D4DA001AA1F6 /* Base */ = {isa = PBXFileReference; lastKnownFileType = file.storyboard; name = Base; path = Base.lproj/LaunchScreen.storyboard; sourceTree = "<group>"; };
		D248356D2013D4DA001AA1F6 /* Info.plist */ = {isa = PBXFileReference; lastKnownFileType = text.plist.xml; path = Info.plist; sourceTree = "<group>"; };
		D24835722013D4DA001AA1F6 /* DocuSignChallengeTests.xctest */ = {isa = PBXFileReference; explicitFileType = wrapper.cfbundle; includeInIndex = 0; path = DocuSignChallengeTests.xctest; sourceTree = BUILT_PRODUCTS_DIR; };
		D24835762013D4DA001AA1F6 /* DocuSignChallengeTests.swift */ = {isa = PBXFileReference; lastKnownFileType = sourcecode.swift; path = DocuSignChallengeTests.swift; sourceTree = "<group>"; };
		D24835782013D4DA001AA1F6 /* Info.plist */ = {isa = PBXFileReference; lastKnownFileType = text.plist.xml; path = Info.plist; sourceTree = "<group>"; };
		D248357D2013D4DA001AA1F6 /* DocuSignChallengeUITests.xctest */ = {isa = PBXFileReference; explicitFileType = wrapper.cfbundle; includeInIndex = 0; path = DocuSignChallengeUITests.xctest; sourceTree = BUILT_PRODUCTS_DIR; };
		D24835812013D4DA001AA1F6 /* DocuSignChallengeUITests.swift */ = {isa = PBXFileReference; lastKnownFileType = sourcecode.swift; path = DocuSignChallengeUITests.swift; sourceTree = "<group>"; };
		D24835832013D4DA001AA1F6 /* Info.plist */ = {isa = PBXFileReference; lastKnownFileType = text.plist.xml; path = Info.plist; sourceTree = "<group>"; };
		D248358F2013D74F001AA1F6 /* HomeViewController.swift */ = {isa = PBXFileReference; fileEncoding = 4; lastKnownFileType = sourcecode.swift; path = HomeViewController.swift; sourceTree = "<group>"; };
		D24835912013D75C001AA1F6 /* HomeViewController.storyboard */ = {isa = PBXFileReference; fileEncoding = 4; lastKnownFileType = file.storyboard; path = HomeViewController.storyboard; sourceTree = "<group>"; };
		D24835952013DAA0001AA1F6 /* WeaterForecastTableViewCell.swift */ = {isa = PBXFileReference; fileEncoding = 4; lastKnownFileType = sourcecode.swift; path = WeaterForecastTableViewCell.swift; sourceTree = "<group>"; };
		D24835962013DAA0001AA1F6 /* WeaterForecastTableViewCell.xib */ = {isa = PBXFileReference; fileEncoding = 4; lastKnownFileType = file.xib; path = WeaterForecastTableViewCell.xib; sourceTree = "<group>"; };
		D24835992013DC45001AA1F6 /* WeatherForecastTableViewController.swift */ = {isa = PBXFileReference; fileEncoding = 4; lastKnownFileType = sourcecode.swift; path = WeatherForecastTableViewController.swift; sourceTree = "<group>"; };
		D248359B2013DD83001AA1F6 /* WeatherForecastModel.swift */ = {isa = PBXFileReference; fileEncoding = 4; lastKnownFileType = sourcecode.swift; path = WeatherForecastModel.swift; sourceTree = "<group>"; };
		D248359D20143E07001AA1F6 /* WeatherForecastTableViewController.storyboard */ = {isa = PBXFileReference; fileEncoding = 4; lastKnownFileType = file.storyboard; path = WeatherForecastTableViewController.storyboard; sourceTree = "<group>"; };
/* End PBXFileReference section */

/* Begin PBXFrameworksBuildPhase section */
		D24835582013D4DA001AA1F6 /* Frameworks */ = {
			isa = PBXFrameworksBuildPhase;
			buildActionMask = 2147483647;
			files = (
				1FFB5BF02A18BC532538C94D /* Pods_DocuSignChallenge.framework in Frameworks */,
			);
			runOnlyForDeploymentPostprocessing = 0;
		};
		D248356F2013D4DA001AA1F6 /* Frameworks */ = {
			isa = PBXFrameworksBuildPhase;
			buildActionMask = 2147483647;
			files = (
				258442F4C3B5E3186C2A74F7 /* Pods_DocuSignChallengeTests.framework in Frameworks */,
			);
			runOnlyForDeploymentPostprocessing = 0;
		};
		D248357A2013D4DA001AA1F6 /* Frameworks */ = {
			isa = PBXFrameworksBuildPhase;
			buildActionMask = 2147483647;
			files = (
				F590E1E007CACE950B61335A /* Pods_DocuSignChallengeUITests.framework in Frameworks */,
			);
			runOnlyForDeploymentPostprocessing = 0;
		};
/* End PBXFrameworksBuildPhase section */

/* Begin PBXGroup section */
		505D390A8DAB3DB67EC4F289 /* Frameworks */ = {
			isa = PBXGroup;
			children = (
				68F2CEA324A74D8EE438EC48 /* Pods_DocuSignChallenge.framework */,
				46D688C0666EA2D2F85EBBF6 /* Pods_DocuSignChallengeTests.framework */,
				9BAE0D107DC492F3CD27DA79 /* Pods_DocuSignChallengeUITests.framework */,
			);
			name = Frameworks;
			sourceTree = "<group>";
		};
		D24835522013D4DA001AA1F6 = {
			isa = PBXGroup;
			children = (
				D248355D2013D4DA001AA1F6 /* DocuSignChallenge */,
				D24835752013D4DA001AA1F6 /* DocuSignChallengeTests */,
				D24835802013D4DA001AA1F6 /* DocuSignChallengeUITests */,
				D248355C2013D4DA001AA1F6 /* Products */,
				E1DBC3B4BAABDAD288861A44 /* Pods */,
				505D390A8DAB3DB67EC4F289 /* Frameworks */,
			);
			sourceTree = "<group>";
		};
		D248355C2013D4DA001AA1F6 /* Products */ = {
			isa = PBXGroup;
			children = (
				D248355B2013D4DA001AA1F6 /* DocuSignChallenge.app */,
				D24835722013D4DA001AA1F6 /* DocuSignChallengeTests.xctest */,
				D248357D2013D4DA001AA1F6 /* DocuSignChallengeUITests.xctest */,
			);
			name = Products;
			sourceTree = "<group>";
		};
		D248355D2013D4DA001AA1F6 /* DocuSignChallenge */ = {
			isa = PBXGroup;
			children = (
				D248355E2013D4DA001AA1F6 /* AppDelegate.swift */,
				D24835622013D4DA001AA1F6 /* Main.storyboard */,
				D24835682013D4DA001AA1F6 /* Assets.xcassets */,
				D248356A2013D4DA001AA1F6 /* LaunchScreen.storyboard */,
				D248356D2013D4DA001AA1F6 /* Info.plist */,
				D24835652013D4DA001AA1F6 /* DocuSignChallenge.xcdatamodeld */,
				D248358F2013D74F001AA1F6 /* HomeViewController.swift */,
				D24835912013D75C001AA1F6 /* HomeViewController.storyboard */,
				D24835952013DAA0001AA1F6 /* WeaterForecastTableViewCell.swift */,
				D24835962013DAA0001AA1F6 /* WeaterForecastTableViewCell.xib */,
				D24835992013DC45001AA1F6 /* WeatherForecastTableViewController.swift */,
				D248359B2013DD83001AA1F6 /* WeatherForecastModel.swift */,
				D248359D20143E07001AA1F6 /* WeatherForecastTableViewController.storyboard */,
			);
			path = DocuSignChallenge;
			sourceTree = "<group>";
		};
		D24835752013D4DA001AA1F6 /* DocuSignChallengeTests */ = {
			isa = PBXGroup;
			children = (
				D24835762013D4DA001AA1F6 /* DocuSignChallengeTests.swift */,
				D24835782013D4DA001AA1F6 /* Info.plist */,
			);
			path = DocuSignChallengeTests;
			sourceTree = "<group>";
		};
		D24835802013D4DA001AA1F6 /* DocuSignChallengeUITests */ = {
			isa = PBXGroup;
			children = (
				D24835812013D4DA001AA1F6 /* DocuSignChallengeUITests.swift */,
				D24835832013D4DA001AA1F6 /* Info.plist */,
			);
			path = DocuSignChallengeUITests;
			sourceTree = "<group>";
		};
		E1DBC3B4BAABDAD288861A44 /* Pods */ = {
			isa = PBXGroup;
			children = (
				9665A5C55D87F4410D89E299 /* Pods-DocuSignChallenge.debug.xcconfig */,
				CF988E1127AD00D18E4B2B7C /* Pods-DocuSignChallenge.release.xcconfig */,
				8AAF112466AC1CBDA9F8E362 /* Pods-DocuSignChallengeTests.debug.xcconfig */,
				7EDFCF3A94C18D686C079DDB /* Pods-DocuSignChallengeTests.release.xcconfig */,
				B7DB51AB3C6A1738DC35EE58 /* Pods-DocuSignChallengeUITests.debug.xcconfig */,
				C910EC1E309B2507608B9091 /* Pods-DocuSignChallengeUITests.release.xcconfig */,
			);
			name = Pods;
			sourceTree = "<group>";
		};
/* End PBXGroup section */

/* Begin PBXNativeTarget section */
		D248355A2013D4DA001AA1F6 /* DocuSignChallenge */ = {
			isa = PBXNativeTarget;
			buildConfigurationList = D24835862013D4DA001AA1F6 /* Build configuration list for PBXNativeTarget "DocuSignChallenge" */;
			buildPhases = (
				6BA5E316B65888D2D4BAB034 /* [CP] Check Pods Manifest.lock */,
				D24835572013D4DA001AA1F6 /* Sources */,
				D24835582013D4DA001AA1F6 /* Frameworks */,
				D24835592013D4DA001AA1F6 /* Resources */,
				3A4F02A77F4D682AEB7C7AFF /* [CP] Embed Pods Frameworks */,
				755A44F4E5DFA0DCB1276FB6 /* [CP] Copy Pods Resources */,
			);
			buildRules = (
			);
			dependencies = (
			);
			name = DocuSignChallenge;
			productName = DocuSignChallenge;
			productReference = D248355B2013D4DA001AA1F6 /* DocuSignChallenge.app */;
			productType = "com.apple.product-type.application";
		};
		D24835712013D4DA001AA1F6 /* DocuSignChallengeTests */ = {
			isa = PBXNativeTarget;
			buildConfigurationList = D24835892013D4DA001AA1F6 /* Build configuration list for PBXNativeTarget "DocuSignChallengeTests" */;
			buildPhases = (
				CD8C0AA1DFB74D899047EBC9 /* [CP] Check Pods Manifest.lock */,
				D248356E2013D4DA001AA1F6 /* Sources */,
				D248356F2013D4DA001AA1F6 /* Frameworks */,
				D24835702013D4DA001AA1F6 /* Resources */,
				8E7D2450A1851C41ACA7402E /* [CP] Embed Pods Frameworks */,
				14EF4091196B091662E90CED /* [CP] Copy Pods Resources */,
			);
			buildRules = (
			);
			dependencies = (
				D24835742013D4DA001AA1F6 /* PBXTargetDependency */,
			);
			name = DocuSignChallengeTests;
			productName = DocuSignChallengeTests;
			productReference = D24835722013D4DA001AA1F6 /* DocuSignChallengeTests.xctest */;
			productType = "com.apple.product-type.bundle.unit-test";
		};
		D248357C2013D4DA001AA1F6 /* DocuSignChallengeUITests */ = {
			isa = PBXNativeTarget;
			buildConfigurationList = D248358C2013D4DA001AA1F6 /* Build configuration list for PBXNativeTarget "DocuSignChallengeUITests" */;
			buildPhases = (
				20EB51347AB26D1DFA7515A1 /* [CP] Check Pods Manifest.lock */,
				D24835792013D4DA001AA1F6 /* Sources */,
				D248357A2013D4DA001AA1F6 /* Frameworks */,
				D248357B2013D4DA001AA1F6 /* Resources */,
				DBF3B8BDBF0F88FCE9B66AE5 /* [CP] Embed Pods Frameworks */,
				CDAC5C691171F61A704CE51C /* [CP] Copy Pods Resources */,
			);
			buildRules = (
			);
			dependencies = (
				D248357F2013D4DA001AA1F6 /* PBXTargetDependency */,
			);
			name = DocuSignChallengeUITests;
			productName = DocuSignChallengeUITests;
			productReference = D248357D2013D4DA001AA1F6 /* DocuSignChallengeUITests.xctest */;
			productType = "com.apple.product-type.bundle.ui-testing";
		};
/* End PBXNativeTarget section */

/* Begin PBXProject section */
		D24835532013D4DA001AA1F6 /* Project object */ = {
			isa = PBXProject;
			attributes = {
				LastSwiftUpdateCheck = 0830;
				LastUpgradeCheck = 0830;
				ORGANIZATIONNAME = "Joohan Oh";
				TargetAttributes = {
					D248355A2013D4DA001AA1F6 = {
						CreatedOnToolsVersion = 8.3.2;
						DevelopmentTeam = P243KJ47L9;
						ProvisioningStyle = Automatic;
					};
					D24835712013D4DA001AA1F6 = {
						CreatedOnToolsVersion = 8.3.2;
						DevelopmentTeam = P243KJ47L9;
						ProvisioningStyle = Automatic;
						TestTargetID = D248355A2013D4DA001AA1F6;
					};
					D248357C2013D4DA001AA1F6 = {
						CreatedOnToolsVersion = 8.3.2;
						DevelopmentTeam = P243KJ47L9;
						ProvisioningStyle = Automatic;
						TestTargetID = D248355A2013D4DA001AA1F6;
					};
				};
			};
			buildConfigurationList = D24835562013D4DA001AA1F6 /* Build configuration list for PBXProject "DocuSignChallenge" */;
			compatibilityVersion = "Xcode 3.2";
			developmentRegion = English;
			hasScannedForEncodings = 0;
			knownRegions = (
				en,
				Base,
			);
			mainGroup = D24835522013D4DA001AA1F6;
			productRefGroup = D248355C2013D4DA001AA1F6 /* Products */;
			projectDirPath = "";
			projectRoot = "";
			targets = (
				D248355A2013D4DA001AA1F6 /* DocuSignChallenge */,
				D24835712013D4DA001AA1F6 /* DocuSignChallengeTests */,
				D248357C2013D4DA001AA1F6 /* DocuSignChallengeUITests */,
			);
		};
/* End PBXProject section */

/* Begin PBXResourcesBuildPhase section */
		D24835592013D4DA001AA1F6 /* Resources */ = {
			isa = PBXResourcesBuildPhase;
			buildActionMask = 2147483647;
			files = (
				D24835922013D75C001AA1F6 /* HomeViewController.storyboard in Resources */,
				D248356C2013D4DA001AA1F6 /* LaunchScreen.storyboard in Resources */,
				D24835692013D4DA001AA1F6 /* Assets.xcassets in Resources */,
				D24835642013D4DA001AA1F6 /* Main.storyboard in Resources */,
				D248359E20143E07001AA1F6 /* WeatherForecastTableViewController.storyboard in Resources */,
				D24835982013DAA0001AA1F6 /* WeaterForecastTableViewCell.xib in Resources */,
			);
			runOnlyForDeploymentPostprocessing = 0;
		};
		D24835702013D4DA001AA1F6 /* Resources */ = {
			isa = PBXResourcesBuildPhase;
			buildActionMask = 2147483647;
			files = (
			);
			runOnlyForDeploymentPostprocessing = 0;
		};
		D248357B2013D4DA001AA1F6 /* Resources */ = {
			isa = PBXResourcesBuildPhase;
			buildActionMask = 2147483647;
			files = (
			);
			runOnlyForDeploymentPostprocessing = 0;
		};
/* End PBXResourcesBuildPhase section */

/* Begin PBXShellScriptBuildPhase section */
		14EF4091196B091662E90CED /* [CP] Copy Pods Resources */ = {
			isa = PBXShellScriptBuildPhase;
			buildActionMask = 2147483647;
			files = (
			);
			inputPaths = (
			);
			name = "[CP] Copy Pods Resources";
			outputPaths = (
			);
			runOnlyForDeploymentPostprocessing = 0;
			shellPath = /bin/sh;
			shellScript = "\"${SRCROOT}/Pods/Target Support Files/Pods-DocuSignChallengeTests/Pods-DocuSignChallengeTests-resources.sh\"\n";
			showEnvVarsInLog = 0;
		};
		20EB51347AB26D1DFA7515A1 /* [CP] Check Pods Manifest.lock */ = {
			isa = PBXShellScriptBuildPhase;
			buildActionMask = 2147483647;
			files = (
			);
			inputPaths = (
			);
			name = "[CP] Check Pods Manifest.lock";
			outputPaths = (
			);
			runOnlyForDeploymentPostprocessing = 0;
			shellPath = /bin/sh;
			shellScript = "diff \"${PODS_PODFILE_DIR_PATH}/Podfile.lock\" \"${PODS_ROOT}/Manifest.lock\" > /dev/null\nif [ $? != 0 ] ; then\n    # print error to STDERR\n    echo \"error: The sandbox is not in sync with the Podfile.lock. Run 'pod install' or update your CocoaPods installation.\" >&2\n    exit 1\nfi\n";
			showEnvVarsInLog = 0;
		};
		3A4F02A77F4D682AEB7C7AFF /* [CP] Embed Pods Frameworks */ = {
			isa = PBXShellScriptBuildPhase;
			buildActionMask = 2147483647;
			files = (
			);
			inputPaths = (
			);
			name = "[CP] Embed Pods Frameworks";
			outputPaths = (
			);
			runOnlyForDeploymentPostprocessing = 0;
			shellPath = /bin/sh;
			shellScript = "\"${SRCROOT}/Pods/Target Support Files/Pods-DocuSignChallenge/Pods-DocuSignChallenge-frameworks.sh\"\n";
			showEnvVarsInLog = 0;
		};
		6BA5E316B65888D2D4BAB034 /* [CP] Check Pods Manifest.lock */ = {
			isa = PBXShellScriptBuildPhase;
			buildActionMask = 2147483647;
			files = (
			);
			inputPaths = (
			);
			name = "[CP] Check Pods Manifest.lock";
			outputPaths = (
			);
			runOnlyForDeploymentPostprocessing = 0;
			shellPath = /bin/sh;
			shellScript = "diff \"${PODS_PODFILE_DIR_PATH}/Podfile.lock\" \"${PODS_ROOT}/Manifest.lock\" > /dev/null\nif [ $? != 0 ] ; then\n    # print error to STDERR\n    echo \"error: The sandbox is not in sync with the Podfile.lock. Run 'pod install' or update your CocoaPods installation.\" >&2\n    exit 1\nfi\n";
			showEnvVarsInLog = 0;
		};
		755A44F4E5DFA0DCB1276FB6 /* [CP] Copy Pods Resources */ = {
			isa = PBXShellScriptBuildPhase;
			buildActionMask = 2147483647;
			files = (
			);
			inputPaths = (
			);
			name = "[CP] Copy Pods Resources";
			outputPaths = (
			);
			runOnlyForDeploymentPostprocessing = 0;
			shellPath = /bin/sh;
			shellScript = "\"${SRCROOT}/Pods/Target Support Files/Pods-DocuSignChallenge/Pods-DocuSignChallenge-resources.sh\"\n";
			showEnvVarsInLog = 0;
		};
		8E7D2450A1851C41ACA7402E /* [CP] Embed Pods Frameworks */ = {
			isa = PBXShellScriptBuildPhase;
			buildActionMask = 2147483647;
			files = (
			);
			inputPaths = (
			);
			name = "[CP] Embed Pods Frameworks";
			outputPaths = (
			);
			runOnlyForDeploymentPostprocessing = 0;
			shellPath = /bin/sh;
			shellScript = "\"${SRCROOT}/Pods/Target Support Files/Pods-DocuSignChallengeTests/Pods-DocuSignChallengeTests-frameworks.sh\"\n";
			showEnvVarsInLog = 0;
		};
		CD8C0AA1DFB74D899047EBC9 /* [CP] Check Pods Manifest.lock */ = {
			isa = PBXShellScriptBuildPhase;
			buildActionMask = 2147483647;
			files = (
			);
			inputPaths = (
			);
			name = "[CP] Check Pods Manifest.lock";
			outputPaths = (
			);
			runOnlyForDeploymentPostprocessing = 0;
			shellPath = /bin/sh;
			shellScript = "diff \"${PODS_PODFILE_DIR_PATH}/Podfile.lock\" \"${PODS_ROOT}/Manifest.lock\" > /dev/null\nif [ $? != 0 ] ; then\n    # print error to STDERR\n    echo \"error: The sandbox is not in sync with the Podfile.lock. Run 'pod install' or update your CocoaPods installation.\" >&2\n    exit 1\nfi\n";
			showEnvVarsInLog = 0;
		};
		CDAC5C691171F61A704CE51C /* [CP] Copy Pods Resources */ = {
			isa = PBXShellScriptBuildPhase;
			buildActionMask = 2147483647;
			files = (
			);
			inputPaths = (
			);
			name = "[CP] Copy Pods Resources";
			outputPaths = (
			);
			runOnlyForDeploymentPostprocessing = 0;
			shellPath = /bin/sh;
			shellScript = "\"${SRCROOT}/Pods/Target Support Files/Pods-DocuSignChallengeUITests/Pods-DocuSignChallengeUITests-resources.sh\"\n";
			showEnvVarsInLog = 0;
		};
		DBF3B8BDBF0F88FCE9B66AE5 /* [CP] Embed Pods Frameworks */ = {
			isa = PBXShellScriptBuildPhase;
			buildActionMask = 2147483647;
			files = (
			);
			inputPaths = (
			);
			name = "[CP] Embed Pods Frameworks";
			outputPaths = (
			);
			runOnlyForDeploymentPostprocessing = 0;
			shellPath = /bin/sh;
			shellScript = "\"${SRCROOT}/Pods/Target Support Files/Pods-DocuSignChallengeUITests/Pods-DocuSignChallengeUITests-frameworks.sh\"\n";
			showEnvVarsInLog = 0;
		};
/* End PBXShellScriptBuildPhase section */

/* Begin PBXSourcesBuildPhase section */
		D24835572013D4DA001AA1F6 /* Sources */ = {
			isa = PBXSourcesBuildPhase;
			buildActionMask = 2147483647;
			files = (
				D24835972013DAA0001AA1F6 /* WeaterForecastTableViewCell.swift in Sources */,
				D248359C2013DD83001AA1F6 /* WeatherForecastModel.swift in Sources */,
				D24835672013D4DA001AA1F6 /* DocuSignChallenge.xcdatamodeld in Sources */,
				D248355F2013D4DA001AA1F6 /* AppDelegate.swift in Sources */,
				D24835902013D74F001AA1F6 /* HomeViewController.swift in Sources */,
				D248359A2013DC45001AA1F6 /* WeatherForecastTableViewController.swift in Sources */,
			);
			runOnlyForDeploymentPostprocessing = 0;
		};
		D248356E2013D4DA001AA1F6 /* Sources */ = {
			isa = PBXSourcesBuildPhase;
			buildActionMask = 2147483647;
			files = (
				D24835772013D4DA001AA1F6 /* DocuSignChallengeTests.swift in Sources */,
			);
			runOnlyForDeploymentPostprocessing = 0;
		};
		D24835792013D4DA001AA1F6 /* Sources */ = {
			isa = PBXSourcesBuildPhase;
			buildActionMask = 2147483647;
			files = (
				D24835822013D4DA001AA1F6 /* DocuSignChallengeUITests.swift in Sources */,
			);
			runOnlyForDeploymentPostprocessing = 0;
		};
/* End PBXSourcesBuildPhase section */

/* Begin PBXTargetDependency section */
		D24835742013D4DA001AA1F6 /* PBXTargetDependency */ = {
			isa = PBXTargetDependency;
			target = D248355A2013D4DA001AA1F6 /* DocuSignChallenge */;
			targetProxy = D24835732013D4DA001AA1F6 /* PBXContainerItemProxy */;
		};
		D248357F2013D4DA001AA1F6 /* PBXTargetDependency */ = {
			isa = PBXTargetDependency;
			target = D248355A2013D4DA001AA1F6 /* DocuSignChallenge */;
			targetProxy = D248357E2013D4DA001AA1F6 /* PBXContainerItemProxy */;
		};
/* End PBXTargetDependency section */

/* Begin PBXVariantGroup section */
		D24835622013D4DA001AA1F6 /* Main.storyboard */ = {
			isa = PBXVariantGroup;
			children = (
				D24835632013D4DA001AA1F6 /* Base */,
			);
			name = Main.storyboard;
			sourceTree = "<group>";
		};
		D248356A2013D4DA001AA1F6 /* LaunchScreen.storyboard */ = {
			isa = PBXVariantGroup;
			children = (
				D248356B2013D4DA001AA1F6 /* Base */,
			);
			name = LaunchScreen.storyboard;
			sourceTree = "<group>";
		};
/* End PBXVariantGroup section */

/* Begin XCBuildConfiguration section */
		D24835842013D4DA001AA1F6 /* Debug */ = {
			isa = XCBuildConfiguration;
			buildSettings = {
				ALWAYS_SEARCH_USER_PATHS = NO;
				CLANG_ANALYZER_NONNULL = YES;
				CLANG_ANALYZER_NUMBER_OBJECT_CONVERSION = YES_AGGRESSIVE;
				CLANG_CXX_LANGUAGE_STANDARD = "gnu++0x";
				CLANG_CXX_LIBRARY = "libc++";
				CLANG_ENABLE_MODULES = YES;
				CLANG_ENABLE_OBJC_ARC = YES;
				CLANG_WARN_BOOL_CONVERSION = YES;
				CLANG_WARN_CONSTANT_CONVERSION = YES;
				CLANG_WARN_DIRECT_OBJC_ISA_USAGE = YES_ERROR;
				CLANG_WARN_DOCUMENTATION_COMMENTS = YES;
				CLANG_WARN_EMPTY_BODY = YES;
				CLANG_WARN_ENUM_CONVERSION = YES;
				CLANG_WARN_INFINITE_RECURSION = YES;
				CLANG_WARN_INT_CONVERSION = YES;
				CLANG_WARN_OBJC_ROOT_CLASS = YES_ERROR;
				CLANG_WARN_SUSPICIOUS_MOVE = YES;
				CLANG_WARN_UNREACHABLE_CODE = YES;
				CLANG_WARN__DUPLICATE_METHOD_MATCH = YES;
				"CODE_SIGN_IDENTITY[sdk=iphoneos*]" = "iPhone Developer";
				COPY_PHASE_STRIP = NO;
				DEBUG_INFORMATION_FORMAT = dwarf;
				ENABLE_STRICT_OBJC_MSGSEND = YES;
				ENABLE_TESTABILITY = YES;
				GCC_C_LANGUAGE_STANDARD = gnu99;
				GCC_DYNAMIC_NO_PIC = NO;
				GCC_NO_COMMON_BLOCKS = YES;
				GCC_OPTIMIZATION_LEVEL = 0;
				GCC_PREPROCESSOR_DEFINITIONS = (
					"DEBUG=1",
					"$(inherited)",
				);
				GCC_WARN_64_TO_32_BIT_CONVERSION = YES;
				GCC_WARN_ABOUT_RETURN_TYPE = YES_ERROR;
				GCC_WARN_UNDECLARED_SELECTOR = YES;
				GCC_WARN_UNINITIALIZED_AUTOS = YES_AGGRESSIVE;
				GCC_WARN_UNUSED_FUNCTION = YES;
				GCC_WARN_UNUSED_VARIABLE = YES;
				IPHONEOS_DEPLOYMENT_TARGET = 10.3;
				MTL_ENABLE_DEBUG_INFO = YES;
				ONLY_ACTIVE_ARCH = YES;
				SDKROOT = iphoneos;
				SWIFT_ACTIVE_COMPILATION_CONDITIONS = DEBUG;
				SWIFT_OPTIMIZATION_LEVEL = "-Onone";
			};
			name = Debug;
		};
		D24835852013D4DA001AA1F6 /* Release */ = {
			isa = XCBuildConfiguration;
			buildSettings = {
				ALWAYS_SEARCH_USER_PATHS = NO;
				CLANG_ANALYZER_NONNULL = YES;
				CLANG_ANALYZER_NUMBER_OBJECT_CONVERSION = YES_AGGRESSIVE;
				CLANG_CXX_LANGUAGE_STANDARD = "gnu++0x";
				CLANG_CXX_LIBRARY = "libc++";
				CLANG_ENABLE_MODULES = YES;
				CLANG_ENABLE_OBJC_ARC = YES;
				CLANG_WARN_BOOL_CONVERSION = YES;
				CLANG_WARN_CONSTANT_CONVERSION = YES;
				CLANG_WARN_DIRECT_OBJC_ISA_USAGE = YES_ERROR;
				CLANG_WARN_DOCUMENTATION_COMMENTS = YES;
				CLANG_WARN_EMPTY_BODY = YES;
				CLANG_WARN_ENUM_CONVERSION = YES;
				CLANG_WARN_INFINITE_RECURSION = YES;
				CLANG_WARN_INT_CONVERSION = YES;
				CLANG_WARN_OBJC_ROOT_CLASS = YES_ERROR;
				CLANG_WARN_SUSPICIOUS_MOVE = YES;
				CLANG_WARN_UNREACHABLE_CODE = YES;
				CLANG_WARN__DUPLICATE_METHOD_MATCH = YES;
				"CODE_SIGN_IDENTITY[sdk=iphoneos*]" = "iPhone Developer";
				COPY_PHASE_STRIP = NO;
				DEBUG_INFORMATION_FORMAT = "dwarf-with-dsym";
				ENABLE_NS_ASSERTIONS = NO;
				ENABLE_STRICT_OBJC_MSGSEND = YES;
				GCC_C_LANGUAGE_STANDARD = gnu99;
				GCC_NO_COMMON_BLOCKS = YES;
				GCC_WARN_64_TO_32_BIT_CONVERSION = YES;
				GCC_WARN_ABOUT_RETURN_TYPE = YES_ERROR;
				GCC_WARN_UNDECLARED_SELECTOR = YES;
				GCC_WARN_UNINITIALIZED_AUTOS = YES_AGGRESSIVE;
				GCC_WARN_UNUSED_FUNCTION = YES;
				GCC_WARN_UNUSED_VARIABLE = YES;
				IPHONEOS_DEPLOYMENT_TARGET = 10.3;
				MTL_ENABLE_DEBUG_INFO = NO;
				SDKROOT = iphoneos;
				SWIFT_OPTIMIZATION_LEVEL = "-Owholemodule";
				VALIDATE_PRODUCT = YES;
			};
			name = Release;
		};
		D24835872013D4DA001AA1F6 /* Debug */ = {
			isa = XCBuildConfiguration;
			baseConfigurationReference = 9665A5C55D87F4410D89E299 /* Pods-DocuSignChallenge.debug.xcconfig */;
			buildSettings = {
				ASSETCATALOG_COMPILER_APPICON_NAME = AppIcon;
				DEVELOPMENT_TEAM = P243KJ47L9;
				INFOPLIST_FILE = DocuSignChallenge/Info.plist;
				LD_RUNPATH_SEARCH_PATHS = "$(inherited) @executable_path/Frameworks";
				PRODUCT_BUNDLE_IDENTIFIER = ttt.DocuSignChallenge;
				PRODUCT_NAME = "$(TARGET_NAME)";
				SWIFT_VERSION = 3.0;
			};
			name = Debug;
		};
		D24835882013D4DA001AA1F6 /* Release */ = {
			isa = XCBuildConfiguration;
			baseConfigurationReference = CF988E1127AD00D18E4B2B7C /* Pods-DocuSignChallenge.release.xcconfig */;
			buildSettings = {
				ASSETCATALOG_COMPILER_APPICON_NAME = AppIcon;
				DEVELOPMENT_TEAM = P243KJ47L9;
				INFOPLIST_FILE = DocuSignChallenge/Info.plist;
				LD_RUNPATH_SEARCH_PATHS = "$(inherited) @executable_path/Frameworks";
				PRODUCT_BUNDLE_IDENTIFIER = ttt.DocuSignChallenge;
				PRODUCT_NAME = "$(TARGET_NAME)";
				SWIFT_VERSION = 3.0;
			};
			name = Release;
		};
		D248358A2013D4DA001AA1F6 /* Debug */ = {
			isa = XCBuildConfiguration;
			baseConfigurationReference = 8AAF112466AC1CBDA9F8E362 /* Pods-DocuSignChallengeTests.debug.xcconfig */;
			buildSettings = {
				ALWAYS_EMBED_SWIFT_STANDARD_LIBRARIES = YES;
				BUNDLE_LOADER = "$(TEST_HOST)";
				DEVELOPMENT_TEAM = P243KJ47L9;
				INFOPLIST_FILE = DocuSignChallengeTests/Info.plist;
				LD_RUNPATH_SEARCH_PATHS = "$(inherited) @executable_path/Frameworks @loader_path/Frameworks";
				PRODUCT_BUNDLE_IDENTIFIER = ttt.DocuSignChallengeTests;
				PRODUCT_NAME = "$(TARGET_NAME)";
				SWIFT_VERSION = 3.0;
				TEST_HOST = "$(BUILT_PRODUCTS_DIR)/DocuSignChallenge.app/DocuSignChallenge";
			};
			name = Debug;
		};
		D248358B2013D4DA001AA1F6 /* Release */ = {
			isa = XCBuildConfiguration;
			baseConfigurationReference = 7EDFCF3A94C18D686C079DDB /* Pods-DocuSignChallengeTests.release.xcconfig */;
			buildSettings = {
				ALWAYS_EMBED_SWIFT_STANDARD_LIBRARIES = YES;
				BUNDLE_LOADER = "$(TEST_HOST)";
				DEVELOPMENT_TEAM = P243KJ47L9;
				INFOPLIST_FILE = DocuSignChallengeTests/Info.plist;
				LD_RUNPATH_SEARCH_PATHS = "$(inherited) @executable_path/Frameworks @loader_path/Frameworks";
				PRODUCT_BUNDLE_IDENTIFIER = ttt.DocuSignChallengeTests;
				PRODUCT_NAME = "$(TARGET_NAME)";
				SWIFT_VERSION = 3.0;
				TEST_HOST = "$(BUILT_PRODUCTS_DIR)/DocuSignChallenge.app/DocuSignChallenge";
			};
			name = Release;
		};
		D248358D2013D4DA001AA1F6 /* Debug */ = {
			isa = XCBuildConfiguration;
			baseConfigurationReference = B7DB51AB3C6A1738DC35EE58 /* Pods-DocuSignChallengeUITests.debug.xcconfig */;
			buildSettings = {
				ALWAYS_EMBED_SWIFT_STANDARD_LIBRARIES = YES;
				DEVELOPMENT_TEAM = P243KJ47L9;
				INFOPLIST_FILE = DocuSignChallengeUITests/Info.plist;
				LD_RUNPATH_SEARCH_PATHS = "$(inherited) @executable_path/Frameworks @loader_path/Frameworks";
				PRODUCT_BUNDLE_IDENTIFIER = ttt.DocuSignChallengeUITests;
				PRODUCT_NAME = "$(TARGET_NAME)";
				SWIFT_VERSION = 3.0;
				TEST_TARGET_NAME = DocuSignChallenge;
			};
			name = Debug;
		};
		D248358E2013D4DA001AA1F6 /* Release */ = {
			isa = XCBuildConfiguration;
			baseConfigurationReference = C910EC1E309B2507608B9091 /* Pods-DocuSignChallengeUITests.release.xcconfig */;
			buildSettings = {
				ALWAYS_EMBED_SWIFT_STANDARD_LIBRARIES = YES;
				DEVELOPMENT_TEAM = P243KJ47L9;
				INFOPLIST_FILE = DocuSignChallengeUITests/Info.plist;
				LD_RUNPATH_SEARCH_PATHS = "$(inherited) @executable_path/Frameworks @loader_path/Frameworks";
				PRODUCT_BUNDLE_IDENTIFIER = ttt.DocuSignChallengeUITests;
				PRODUCT_NAME = "$(TARGET_NAME)";
				SWIFT_VERSION = 3.0;
				TEST_TARGET_NAME = DocuSignChallenge;
			};
			name = Release;
		};
/* End XCBuildConfiguration section */

/* Begin XCConfigurationList section */
		D24835562013D4DA001AA1F6 /* Build configuration list for PBXProject "DocuSignChallenge" */ = {
			isa = XCConfigurationList;
			buildConfigurations = (
				D24835842013D4DA001AA1F6 /* Debug */,
				D24835852013D4DA001AA1F6 /* Release */,
			);
			defaultConfigurationIsVisible = 0;
			defaultConfigurationName = Release;
		};
		D24835862013D4DA001AA1F6 /* Build configuration list for PBXNativeTarget "DocuSignChallenge" */ = {
			isa = XCConfigurationList;
			buildConfigurations = (
				D24835872013D4DA001AA1F6 /* Debug */,
				D24835882013D4DA001AA1F6 /* Release */,
			);
			defaultConfigurationIsVisible = 0;
			defaultConfigurationName = Release;
		};
		D24835892013D4DA001AA1F6 /* Build configuration list for PBXNativeTarget "DocuSignChallengeTests" */ = {
			isa = XCConfigurationList;
			buildConfigurations = (
				D248358A2013D4DA001AA1F6 /* Debug */,
				D248358B2013D4DA001AA1F6 /* Release */,
			);
			defaultConfigurationIsVisible = 0;
			defaultConfigurationName = Release;
		};
		D248358C2013D4DA001AA1F6 /* Build configuration list for PBXNativeTarget "DocuSignChallengeUITests" */ = {
			isa = XCConfigurationList;
			buildConfigurations = (
				D248358D2013D4DA001AA1F6 /* Debug */,
				D248358E2013D4DA001AA1F6 /* Release */,
			);
			defaultConfigurationIsVisible = 0;
			defaultConfigurationName = Release;
		};
/* End XCConfigurationList section */

/* Begin XCVersionGroup section */
		D24835652013D4DA001AA1F6 /* DocuSignChallenge.xcdatamodeld */ = {
			isa = XCVersionGroup;
			children = (
				D24835662013D4DA001AA1F6 /* DocuSignChallenge.xcdatamodel */,
			);
			currentVersion = D24835662013D4DA001AA1F6 /* DocuSignChallenge.xcdatamodel */;
			path = DocuSignChallenge.xcdatamodeld;
			sourceTree = "<group>";
			versionGroupType = wrapper.xcdatamodel;
		};
/* End XCVersionGroup section */
	};
	rootObject = D24835532013D4DA001AA1F6 /* Project object */;
}
